
Microsoft Visual Studio Solution File, Format Version 12.00
# Visual Studio Version 17
VisualStudioVersion = 17.6.33815.320
MinimumVisualStudioVersion = 10.0.40219.1
Project("{FAE04EC0-301F-11D3-BF4B-00C04F79EFBC}") = "CyberKotleta", "CyberKotleta\CyberKotleta.csproj", "{EE67F796-0FE6-43AD-BAEA-7118F041A60B}"
EndProject
Global
	GlobalSection(SolutionConfigurationPlatforms) = preSolution
		Debug|Any CPU = Debug|Any CPU
		Release|Any CPU = Release|Any CPU
	EndGlobalSection
	GlobalSection(ProjectConfigurationPlatforms) = postSolution
		{EE67F796-0FE6-43AD-BAEA-7118F041A60B}.Debug|Any CPU.ActiveCfg = Debug|Any CPU
		{EE67F796-0FE6-43AD-BAEA-7118F041A60B}.Debug|Any CPU.Build.0 = Debug|Any CPU
		{EE67F796-0FE6-43AD-BAEA-7118F041A60B}.Release|Any CPU.ActiveCfg = Release|Any CPU
		{EE67F796-0FE6-43AD-BAEA-7118F041A60B}.Release|Any CPU.Build.0 = Release|Any CPU
	EndGlobalSection
	GlobalSection(SolutionProperties) = preSolution
		HideSolutionNode = FALSE
	EndGlobalSection
	GlobalSection(ExtensibilityGlobals) = postSolution
		SolutionGuid = {B44F52EA-015B-4ABA-B923-8AB67AF6FFCD}
	EndGlobalSection
EndGlobal
